
Microsoft Visual Studio Solution File, Format Version 12.00
# Visual Studio Version 16
VisualStudioVersion = 16.0.32228.343
MinimumVisualStudioVersion = 10.0.40219.1
Project("{FAE04EC0-301F-11D3-BF4B-00C04F79EFBC}") = "DeviceRental", "DeviceRental.csproj", "{D07CF0BA-9404-4A09-8A66-AB640C2218D0}"
EndProject
Global
	GlobalSection(SolutionConfigurationPlatforms) = preSolution
		Debug|Any CPU = Debug|Any CPU
		Release|Any CPU = Release|Any CPU
	EndGlobalSection
	GlobalSection(ProjectConfigurationPlatforms) = postSolution
		{D07CF0BA-9404-4A09-8A66-AB640C2218D0}.Debug|Any CPU.ActiveCfg = Debug|Any CPU
		{D07CF0BA-9404-4A09-8A66-AB640C2218D0}.Debug|Any CPU.Build.0 = Debug|Any CPU
		{D07CF0BA-9404-4A09-8A66-AB640C2218D0}.Release|Any CPU.ActiveCfg = Release|Any CPU
		{D07CF0BA-9404-4A09-8A66-AB640C2218D0}.Release|Any CPU.Build.0 = Release|Any CPU
	EndGlobalSection
	GlobalSection(SolutionProperties) = preSolution
		HideSolutionNode = FALSE
	EndGlobalSection
	GlobalSection(ExtensibilityGlobals) = postSolution
		SolutionGuid = {526E0255-7712-46E3-BC01-64144D1B9EB4}
	EndGlobalSection
EndGlobal
